
Microsoft Visual Studio Solution File, Format Version 12.00
# Visual Studio Version 16
VisualStudioVersion = 16.0.33801.447
MinimumVisualStudioVersion = 10.0.40219.1
Project("{FAE04EC0-301F-11D3-BF4B-00C04F79EFBC}") = "EjercicioPrueba", "EjercicioPrueba\EjercicioPrueba.csproj", "{67985F76-519F-4E91-8BBC-C872E0F244F1}"
EndProject
Global
	GlobalSection(SolutionConfigurationPlatforms) = preSolution
		Debug|Any CPU = Debug|Any CPU
		Release|Any CPU = Release|Any CPU
	EndGlobalSection
	GlobalSection(ProjectConfigurationPlatforms) = postSolution
		{67985F76-519F-4E91-8BBC-C872E0F244F1}.Debug|Any CPU.ActiveCfg = Debug|Any CPU
		{67985F76-519F-4E91-8BBC-C872E0F244F1}.Debug|Any CPU.Build.0 = Debug|Any CPU
		{67985F76-519F-4E91-8BBC-C872E0F244F1}.Release|Any CPU.ActiveCfg = Release|Any CPU
		{67985F76-519F-4E91-8BBC-C872E0F244F1}.Release|Any CPU.Build.0 = Release|Any CPU
	EndGlobalSection
	GlobalSection(SolutionProperties) = preSolution
		HideSolutionNode = FALSE
	EndGlobalSection
	GlobalSection(ExtensibilityGlobals) = postSolution
		SolutionGuid = {950C4935-0983-45F6-BD6B-39340B2A6BA7}
	EndGlobalSection
EndGlobal
